
Microsoft Visual Studio Solution File, Format Version 12.00
# Visual Studio Version 17
VisualStudioVersion = 17.9.34622.214
MinimumVisualStudioVersion = 10.0.40219.1
Project("{9A19103F-16F7-4668-BE54-9A1E7A4F7556}") = "AwesomeGameLibrary.Web", "AwesomeGameLibrary.Web\AwesomeGameLibrary.Web.csproj", "{C16C3899-A6D8-48FE-BC60-4ECE4C584433}"
EndProject
Project("{2150E333-8FDC-42A3-9474-1A3956D46DE8}") = "Web", "Web", "{DF8E42C7-D94C-45E4-BABE-75AA18F862CC}"
EndProject
Project("{2150E333-8FDC-42A3-9474-1A3956D46DE8}") = "DAL", "DAL", "{EB594360-120F-44C6-9117-50C3100C6392}"
EndProject
Project("{9A19103F-16F7-4668-BE54-9A1E7A4F7556}") = "AwesomeGameLibrary.DAL", "AwesomeGameLibrary.DAL\AwesomeGameLibrary.DAL.csproj", "{2B1EA2FB-B485-4636-95C9-4082D6FC4391}"
EndProject
Project("{2150E333-8FDC-42A3-9474-1A3956D46DE8}") = "Migrations", "Migrations", "{8EC0A85C-E65A-4FD8-B2CF-0FB0AD2B6AE4}"
EndProject
Project("{9A19103F-16F7-4668-BE54-9A1E7A4F7556}") = "AwesomeGameLibrary.DAL.Migrations", "AwesomeGameLibrary.DAL.Migrations\AwesomeGameLibrary.DAL.Migrations.csproj", "{2ECB692D-C510-4478-A723-020A38E9563C}"
EndProject
Project("{9A19103F-16F7-4668-BE54-9A1E7A4F7556}") = "AwesomeGameLibrary.Domain", "AwesomeGameLibrary.Domain\AwesomeGameLibrary.Domain.csproj", "{FEBCDD9A-CB0E-40B5-A158-62ED14A9E14C}"
EndProject
Project("{2150E333-8FDC-42A3-9474-1A3956D46DE8}") = "Application", "Application", "{7C93ADA4-C101-4560-8D8E-0D6DBD5FA76E}"
EndProject
Project("{9A19103F-16F7-4668-BE54-9A1E7A4F7556}") = "AwesomeGameLibrary.Application", "AwesomeGameLibrary.Application\AwesomeGameLibrary.Application.csproj", "{5E81A092-C83D-47F8-9FFD-E415961EABED}"
EndProject
Global
	GlobalSection(SolutionConfigurationPlatforms) = preSolution
		Debug|Any CPU = Debug|Any CPU
		Release|Any CPU = Release|Any CPU
	EndGlobalSection
	GlobalSection(ProjectConfigurationPlatforms) = postSolution
		{C16C3899-A6D8-48FE-BC60-4ECE4C584433}.Debug|Any CPU.ActiveCfg = Debug|Any CPU
		{C16C3899-A6D8-48FE-BC60-4ECE4C584433}.Debug|Any CPU.Build.0 = Debug|Any CPU
		{C16C3899-A6D8-48FE-BC60-4ECE4C584433}.Release|Any CPU.ActiveCfg = Release|Any CPU
		{C16C3899-A6D8-48FE-BC60-4ECE4C584433}.Release|Any CPU.Build.0 = Release|Any CPU
		{2B1EA2FB-B485-4636-95C9-4082D6FC4391}.Debug|Any CPU.ActiveCfg = Debug|Any CPU
		{2B1EA2FB-B485-4636-95C9-4082D6FC4391}.Debug|Any CPU.Build.0 = Debug|Any CPU
		{2B1EA2FB-B485-4636-95C9-4082D6FC4391}.Release|Any CPU.ActiveCfg = Release|Any CPU
		{2B1EA2FB-B485-4636-95C9-4082D6FC4391}.Release|Any CPU.Build.0 = Release|Any CPU
		{2ECB692D-C510-4478-A723-020A38E9563C}.Debug|Any CPU.ActiveCfg = Debug|Any CPU
		{2ECB692D-C510-4478-A723-020A38E9563C}.Debug|Any CPU.Build.0 = Debug|Any CPU
		{2ECB692D-C510-4478-A723-020A38E9563C}.Release|Any CPU.ActiveCfg = Release|Any CPU
		{2ECB692D-C510-4478-A723-020A38E9563C}.Release|Any CPU.Build.0 = Release|Any CPU
		{FEBCDD9A-CB0E-40B5-A158-62ED14A9E14C}.Debug|Any CPU.ActiveCfg = Debug|Any CPU
		{FEBCDD9A-CB0E-40B5-A158-62ED14A9E14C}.Debug|Any CPU.Build.0 = Debug|Any CPU
		{FEBCDD9A-CB0E-40B5-A158-62ED14A9E14C}.Release|Any CPU.ActiveCfg = Release|Any CPU
		{FEBCDD9A-CB0E-40B5-A158-62ED14A9E14C}.Release|Any CPU.Build.0 = Release|Any CPU
		{5E81A092-C83D-47F8-9FFD-E415961EABED}.Debug|Any CPU.ActiveCfg = Debug|Any CPU
		{5E81A092-C83D-47F8-9FFD-E415961EABED}.Debug|Any CPU.Build.0 = Debug|Any CPU
		{5E81A092-C83D-47F8-9FFD-E415961EABED}.Release|Any CPU.ActiveCfg = Release|Any CPU
		{5E81A092-C83D-47F8-9FFD-E415961EABED}.Release|Any CPU.Build.0 = Release|Any CPU
	EndGlobalSection
	GlobalSection(SolutionProperties) = preSolution
		HideSolutionNode = FALSE
	EndGlobalSection
	GlobalSection(NestedProjects) = preSolution
		{C16C3899-A6D8-48FE-BC60-4ECE4C584433} = {DF8E42C7-D94C-45E4-BABE-75AA18F862CC}
		{2B1EA2FB-B485-4636-95C9-4082D6FC4391} = {EB594360-120F-44C6-9117-50C3100C6392}
		{2ECB692D-C510-4478-A723-020A38E9563C} = {8EC0A85C-E65A-4FD8-B2CF-0FB0AD2B6AE4}
		{5E81A092-C83D-47F8-9FFD-E415961EABED} = {7C93ADA4-C101-4560-8D8E-0D6DBD5FA76E}
	EndGlobalSection
	GlobalSection(ExtensibilityGlobals) = postSolution
		SolutionGuid = {07CA97EB-47E7-4783-9966-E71461A7D374}
	EndGlobalSection
EndGlobal
